// !$*UTF8*$!
{
	archiveVersion = 1;
	classes = {
	};
	objectVersion = 56;
	objects = {

/* Begin PBXBuildFile section */
		3B2D7B6F2A1F8C8C00741002 /* AppDelegate.swift in Sources */ = {isa = PBXBuildFile; fileRef = 3B2D7B6E2A1F8C8C00741002 /* AppDelegate.swift */; };
		3B2D7B712A1F8C8C00741002 /* SceneDelegate.swift in Sources */ = {isa = PBXBuildFile; fileRef = 3B2D7B702A1F8C8C00741002 /* SceneDelegate.swift */; };
		3B2D7B732A1F8C8C00741002 /* MainViewController.swift in Sources */ = {isa = PBXBuildFile; fileRef = 3B2D7B722A1F8C8C00741002 /* MainViewController.swift */; };
		3B2D7B792A1F8C8C00741002 /* NewsApp.xcdatamodeld in Sources */ = {isa = PBXBuildFile; fileRef = 3B2D7B772A1F8C8C00741002 /* NewsApp.xcdatamodeld */; };
		3B2D7B7B2A1F8C8D00741002 /* Assets.xcassets in Resources */ = {isa = PBXBuildFile; fileRef = 3B2D7B7A2A1F8C8D00741002 /* Assets.xcassets */; };
		3B2D7B7E2A1F8C8D00741002 /* LaunchScreen.storyboard in Resources */ = {isa = PBXBuildFile; fileRef = 3B2D7B7C2A1F8C8D00741002 /* LaunchScreen.storyboard */; };
		3B2D7B8D2A1F8E0E00741002 /* MainViewModel.swift in Sources */ = {isa = PBXBuildFile; fileRef = 3B2D7B8C2A1F8E0E00741002 /* MainViewModel.swift */; };
		3B2D7B902A1F8ED000741002 /* Constants.swift in Sources */ = {isa = PBXBuildFile; fileRef = 3B2D7B8F2A1F8ED000741002 /* Constants.swift */; };
		3B2D7B932A1F9AC700741002 /* News.swift in Sources */ = {isa = PBXBuildFile; fileRef = 3B2D7B922A1F9AC700741002 /* News.swift */; };
		3B2D7B952A1F9ED800741002 /* NewsError.swift in Sources */ = {isa = PBXBuildFile; fileRef = 3B2D7B942A1F9ED800741002 /* NewsError.swift */; };
		3B2D7B982A1FA92B00741002 /* NewsCell.swift in Sources */ = {isa = PBXBuildFile; fileRef = 3B2D7B972A1FA92B00741002 /* NewsCell.swift */; };
		3B2D7B9A2A1FAA4300741002 /* MainViewController+actions.swift in Sources */ = {isa = PBXBuildFile; fileRef = 3B2D7B992A1FAA4300741002 /* MainViewController+actions.swift */; };
		3B2D7B9C2A1FAA7C00741002 /* MainViewController+tableActions.swift in Sources */ = {isa = PBXBuildFile; fileRef = 3B2D7B9B2A1FAA7C00741002 /* MainViewController+tableActions.swift */; };
		3B2D7B9E2A1FACD700741002 /* HTTP.swift in Sources */ = {isa = PBXBuildFile; fileRef = 3B2D7B9D2A1FACD700741002 /* HTTP.swift */; };
		3B2D7BA02A1FAE3400741002 /* Endpoint.swift in Sources */ = {isa = PBXBuildFile; fileRef = 3B2D7B9F2A1FAE3400741002 /* Endpoint.swift */; };
		3B2D7BA22A1FB5C700741002 /* NewsService.swift in Sources */ = {isa = PBXBuildFile; fileRef = 3B2D7BA12A1FB5C700741002 /* NewsService.swift */; };
		3B2D7BA52A20BE2200741002 /* SDWebImage in Frameworks */ = {isa = PBXBuildFile; productRef = 3B2D7BA42A20BE2200741002 /* SDWebImage */; };
		3B2D7BA72A20C12F00741002 /* MainHeaderView.swift in Sources */ = {isa = PBXBuildFile; fileRef = 3B2D7BA62A20C12F00741002 /* MainHeaderView.swift */; };
		3B2D7BA92A20D7D500741002 /* TopNewsView.swift in Sources */ = {isa = PBXBuildFile; fileRef = 3B2D7BA82A20D7D500741002 /* TopNewsView.swift */; };
		3B2D7BAB2A20EBE700741002 /* NewsTile.swift in Sources */ = {isa = PBXBuildFile; fileRef = 3B2D7BAA2A20EBE700741002 /* NewsTile.swift */; };
		3B2D7BAD2A24E50400741002 /* CategoryScroll.swift in Sources */ = {isa = PBXBuildFile; fileRef = 3B2D7BAC2A24E50400741002 /* CategoryScroll.swift */; };
		3B2D7BAF2A24F7E200741002 /* LanguageMenu.swift in Sources */ = {isa = PBXBuildFile; fileRef = 3B2D7BAE2A24F7E200741002 /* LanguageMenu.swift */; };
		3B2D7BB22A250CAD00741002 /* DetailedViewController.swift in Sources */ = {isa = PBXBuildFile; fileRef = 3B2D7BB12A250CAD00741002 /* DetailedViewController.swift */; };
		3B2D7BB72A25113600741002 /* DetailedViewController+Actions.swift in Sources */ = {isa = PBXBuildFile; fileRef = 3B2D7BB62A25113600741002 /* DetailedViewController+Actions.swift */; };
		3B2D7BB92A251A2F00741002 /* DataDelegateProtocol.swift in Sources */ = {isa = PBXBuildFile; fileRef = 3B2D7BB82A251A2F00741002 /* DataDelegateProtocol.swift */; };
		3B2D7BBB2A2530BE00741002 /* TopView.swift in Sources */ = {isa = PBXBuildFile; fileRef = 3B2D7BBA2A2530BE00741002 /* TopView.swift */; };
		3B2D7BBE2A25EC2F00741002 /* Alamofire in Frameworks */ = {isa = PBXBuildFile; productRef = 3B2D7BBD2A25EC2F00741002 /* Alamofire */; };
		3B2D7BC12A262BA400741002 /* FeedViewController.swift in Sources */ = {isa = PBXBuildFile; fileRef = 3B2D7BC02A262BA400741002 /* FeedViewController.swift */; };
		3B2D7BC32A262BB800741002 /* FeedViewModel.swift in Sources */ = {isa = PBXBuildFile; fileRef = 3B2D7BC22A262BB800741002 /* FeedViewModel.swift */; };
		3B2D7BC62A262BF600741002 /* MyFeedNews+CoreDataClass.swift in Sources */ = {isa = PBXBuildFile; fileRef = 3B2D7BC42A262BF600741002 /* MyFeedNews+CoreDataClass.swift */; };
		3B2D7BC72A262BF600741002 /* MyFeedNews+CoreDataProperties.swift in Sources */ = {isa = PBXBuildFile; fileRef = 3B2D7BC52A262BF600741002 /* MyFeedNews+CoreDataProperties.swift */; };
		3B2D7BCA2A262C9900741002 /* FeedManager.swift in Sources */ = {isa = PBXBuildFile; fileRef = 3B2D7BC92A262C9900741002 /* FeedManager.swift */; };
		3B2D7BCD2A2633A000741002 /* FeedViewController+Tablefunctions.swift in Sources */ = {isa = PBXBuildFile; fileRef = 3B2D7BCC2A2633A000741002 /* FeedViewController+Tablefunctions.swift */; };
		3B2D7BCF2A26356200741002 /* FeedViewController+actions.swift in Sources */ = {isa = PBXBuildFile; fileRef = 3B2D7BCE2A26356200741002 /* FeedViewController+actions.swift */; };
		3B2D7BD22A2635FF00741002 /* FeedHeaderView.swift in Sources */ = {isa = PBXBuildFile; fileRef = 3B2D7BD12A2635FF00741002 /* FeedHeaderView.swift */; };
/* End PBXBuildFile section */

/* Begin PBXFileReference section */
		3B2D7B6B2A1F8C8C00741002 /* NewsApp.app */ = {isa = PBXFileReference; explicitFileType = wrapper.application; includeInIndex = 0; path = NewsApp.app; sourceTree = BUILT_PRODUCTS_DIR; };
		3B2D7B6E2A1F8C8C00741002 /* AppDelegate.swift */ = {isa = PBXFileReference; lastKnownFileType = sourcecode.swift; path = AppDelegate.swift; sourceTree = "<group>"; };
		3B2D7B702A1F8C8C00741002 /* SceneDelegate.swift */ = {isa = PBXFileReference; lastKnownFileType = sourcecode.swift; path = SceneDelegate.swift; sourceTree = "<group>"; };
		3B2D7B722A1F8C8C00741002 /* MainViewController.swift */ = {isa = PBXFileReference; lastKnownFileType = sourcecode.swift; path = MainViewController.swift; sourceTree = "<group>"; };
		3B2D7B782A1F8C8C00741002 /* NewsApp.xcdatamodel */ = {isa = PBXFileReference; lastKnownFileType = wrapper.xcdatamodel; path = NewsApp.xcdatamodel; sourceTree = "<group>"; };
		3B2D7B7A2A1F8C8D00741002 /* Assets.xcassets */ = {isa = PBXFileReference; lastKnownFileType = folder.assetcatalog; path = Assets.xcassets; sourceTree = "<group>"; };
		3B2D7B7D2A1F8C8D00741002 /* Base */ = {isa = PBXFileReference; lastKnownFileType = file.storyboard; name = Base; path = Base.lproj/LaunchScreen.storyboard; sourceTree = "<group>"; };
		3B2D7B7F2A1F8C8D00741002 /* Info.plist */ = {isa = PBXFileReference; lastKnownFileType = text.plist.xml; path = Info.plist; sourceTree = "<group>"; };
		3B2D7B8C2A1F8E0E00741002 /* MainViewModel.swift */ = {isa = PBXFileReference; lastKnownFileType = sourcecode.swift; path = MainViewModel.swift; sourceTree = "<group>"; };
		3B2D7B8F2A1F8ED000741002 /* Constants.swift */ = {isa = PBXFileReference; lastKnownFileType = sourcecode.swift; path = Constants.swift; sourceTree = "<group>"; };
		3B2D7B922A1F9AC700741002 /* News.swift */ = {isa = PBXFileReference; lastKnownFileType = sourcecode.swift; path = News.swift; sourceTree = "<group>"; };
		3B2D7B942A1F9ED800741002 /* NewsError.swift */ = {isa = PBXFileReference; lastKnownFileType = sourcecode.swift; path = NewsError.swift; sourceTree = "<group>"; };
		3B2D7B972A1FA92B00741002 /* NewsCell.swift */ = {isa = PBXFileReference; lastKnownFileType = sourcecode.swift; path = NewsCell.swift; sourceTree = "<group>"; };
		3B2D7B992A1FAA4300741002 /* MainViewController+actions.swift */ = {isa = PBXFileReference; lastKnownFileType = sourcecode.swift; path = "MainViewController+actions.swift"; sourceTree = "<group>"; };
		3B2D7B9B2A1FAA7C00741002 /* MainViewController+tableActions.swift */ = {isa = PBXFileReference; lastKnownFileType = sourcecode.swift; path = "MainViewController+tableActions.swift"; sourceTree = "<group>"; };
		3B2D7B9D2A1FACD700741002 /* HTTP.swift */ = {isa = PBXFileReference; lastKnownFileType = sourcecode.swift; path = HTTP.swift; sourceTree = "<group>"; };
		3B2D7B9F2A1FAE3400741002 /* Endpoint.swift */ = {isa = PBXFileReference; lastKnownFileType = sourcecode.swift; path = Endpoint.swift; sourceTree = "<group>"; };
		3B2D7BA12A1FB5C700741002 /* NewsService.swift */ = {isa = PBXFileReference; lastKnownFileType = sourcecode.swift; path = NewsService.swift; sourceTree = "<group>"; };
		3B2D7BA62A20C12F00741002 /* MainHeaderView.swift */ = {isa = PBXFileReference; lastKnownFileType = sourcecode.swift; path = MainHeaderView.swift; sourceTree = "<group>"; };
		3B2D7BA82A20D7D500741002 /* TopNewsView.swift */ = {isa = PBXFileReference; lastKnownFileType = sourcecode.swift; path = TopNewsView.swift; sourceTree = "<group>"; };
		3B2D7BAA2A20EBE700741002 /* NewsTile.swift */ = {isa = PBXFileReference; lastKnownFileType = sourcecode.swift; path = NewsTile.swift; sourceTree = "<group>"; };
		3B2D7BAC2A24E50400741002 /* CategoryScroll.swift */ = {isa = PBXFileReference; lastKnownFileType = sourcecode.swift; path = CategoryScroll.swift; sourceTree = "<group>"; };
		3B2D7BAE2A24F7E200741002 /* LanguageMenu.swift */ = {isa = PBXFileReference; lastKnownFileType = sourcecode.swift; path = LanguageMenu.swift; sourceTree = "<group>"; };
		3B2D7BB12A250CAD00741002 /* DetailedViewController.swift */ = {isa = PBXFileReference; lastKnownFileType = sourcecode.swift; path = DetailedViewController.swift; sourceTree = "<group>"; };
		3B2D7BB62A25113600741002 /* DetailedViewController+Actions.swift */ = {isa = PBXFileReference; lastKnownFileType = sourcecode.swift; path = "DetailedViewController+Actions.swift"; sourceTree = "<group>"; };
		3B2D7BB82A251A2F00741002 /* DataDelegateProtocol.swift */ = {isa = PBXFileReference; lastKnownFileType = sourcecode.swift; path = DataDelegateProtocol.swift; sourceTree = "<group>"; };
		3B2D7BBA2A2530BE00741002 /* TopView.swift */ = {isa = PBXFileReference; lastKnownFileType = sourcecode.swift; path = TopView.swift; sourceTree = "<group>"; };
		3B2D7BC02A262BA400741002 /* FeedViewController.swift */ = {isa = PBXFileReference; lastKnownFileType = sourcecode.swift; path = FeedViewController.swift; sourceTree = "<group>"; };
		3B2D7BC22A262BB800741002 /* FeedViewModel.swift */ = {isa = PBXFileReference; lastKnownFileType = sourcecode.swift; path = FeedViewModel.swift; sourceTree = "<group>"; };
		3B2D7BC42A262BF600741002 /* MyFeedNews+CoreDataClass.swift */ = {isa = PBXFileReference; lastKnownFileType = sourcecode.swift; path = "MyFeedNews+CoreDataClass.swift"; sourceTree = "<group>"; };
		3B2D7BC52A262BF600741002 /* MyFeedNews+CoreDataProperties.swift */ = {isa = PBXFileReference; lastKnownFileType = sourcecode.swift; path = "MyFeedNews+CoreDataProperties.swift"; sourceTree = "<group>"; };
		3B2D7BC92A262C9900741002 /* FeedManager.swift */ = {isa = PBXFileReference; lastKnownFileType = sourcecode.swift; path = FeedManager.swift; sourceTree = "<group>"; };
		3B2D7BCC2A2633A000741002 /* FeedViewController+Tablefunctions.swift */ = {isa = PBXFileReference; lastKnownFileType = sourcecode.swift; path = "FeedViewController+Tablefunctions.swift"; sourceTree = "<group>"; };
		3B2D7BCE2A26356200741002 /* FeedViewController+actions.swift */ = {isa = PBXFileReference; lastKnownFileType = sourcecode.swift; path = "FeedViewController+actions.swift"; sourceTree = "<group>"; };
		3B2D7BD12A2635FF00741002 /* FeedHeaderView.swift */ = {isa = PBXFileReference; lastKnownFileType = sourcecode.swift; path = FeedHeaderView.swift; sourceTree = "<group>"; };
/* End PBXFileReference section */

/* Begin PBXFrameworksBuildPhase section */
		3B2D7B682A1F8C8C00741002 /* Frameworks */ = {
			isa = PBXFrameworksBuildPhase;
			buildActionMask = 2147483647;
			files = (
				3B2D7BA52A20BE2200741002 /* SDWebImage in Frameworks */,
				3B2D7BBE2A25EC2F00741002 /* Alamofire in Frameworks */,
			);
			runOnlyForDeploymentPostprocessing = 0;
		};
/* End PBXFrameworksBuildPhase section */

/* Begin PBXGroup section */
		3B2D7B622A1F8C8C00741002 = {
			isa = PBXGroup;
			children = (
				3B2D7B6D2A1F8C8C00741002 /* NewsApp */,
				3B2D7B6C2A1F8C8C00741002 /* Products */,
			);
			sourceTree = "<group>";
		};
		3B2D7B6C2A1F8C8C00741002 /* Products */ = {
			isa = PBXGroup;
			children = (
				3B2D7B6B2A1F8C8C00741002 /* NewsApp.app */,
			);
			name = Products;
			sourceTree = "<group>";
		};
		3B2D7B6D2A1F8C8C00741002 /* NewsApp */ = {
			isa = PBXGroup;
			children = (
				3B2D7B892A1F8DC200741002 /* UI */,
				3B2D7B872A1F8DA300741002 /* Core */,
				3B2D7B862A1F8D7F00741002 /* Resources */,
				3B2D7B7F2A1F8C8D00741002 /* Info.plist */,
			);
			path = NewsApp;
			sourceTree = "<group>";
		};
		3B2D7B852A1F8D5900741002 /* Supporting */ = {
			isa = PBXGroup;
			children = (
				3B2D7B702A1F8C8C00741002 /* SceneDelegate.swift */,
				3B2D7B6E2A1F8C8C00741002 /* AppDelegate.swift */,
			);
			path = Supporting;
			sourceTree = "<group>";
		};
		3B2D7B862A1F8D7F00741002 /* Resources */ = {
			isa = PBXGroup;
			children = (
				3B2D7B7A2A1F8C8D00741002 /* Assets.xcassets */,
				3B2D7B7C2A1F8C8D00741002 /* LaunchScreen.storyboard */,
				3B2D7B772A1F8C8C00741002 /* NewsApp.xcdatamodeld */,
				3B2D7B8F2A1F8ED000741002 /* Constants.swift */,
			);
			path = Resources;
			sourceTree = "<group>";
		};
		3B2D7B872A1F8DA300741002 /* Core */ = {
			isa = PBXGroup;
			children = (
				3B2D7B962A1F9F0100741002 /* API */,
				3B2D7B912A1F9AB700741002 /* Models */,
				3B2D7B882A1F8DB300741002 /* Protocols */,
				3B2D7B852A1F8D5900741002 /* Supporting */,
			);
			path = Core;
			sourceTree = "<group>";
		};
		3B2D7B882A1F8DB300741002 /* Protocols */ = {
			isa = PBXGroup;
			children = (
				3B2D7BB82A251A2F00741002 /* DataDelegateProtocol.swift */,
			);
			path = Protocols;
			sourceTree = "<group>";
		};
		3B2D7B892A1F8DC200741002 /* UI */ = {
			isa = PBXGroup;
			children = (
				3B2D7BBF2A262B8900741002 /* MyFeedView */,
				3B2D7BB02A250C8300741002 /* DetailedView */,
				3B2D7B8A2A1F8DDE00741002 /* MainView */,
			);
			path = UI;
			sourceTree = "<group>";
		};
		3B2D7B8A2A1F8DDE00741002 /* MainView */ = {
			isa = PBXGroup;
			children = (
				3B2D7B8E2A1F8E1300741002 /* Actions */,
				3B2D7B8B2A1F8DE800741002 /* UIElements */,
				3B2D7B722A1F8C8C00741002 /* MainViewController.swift */,
				3B2D7B8C2A1F8E0E00741002 /* MainViewModel.swift */,
			);
			path = MainView;
			sourceTree = "<group>";
		};
		3B2D7B8B2A1F8DE800741002 /* UIElements */ = {
			isa = PBXGroup;
			children = (
				3B2D7B972A1FA92B00741002 /* NewsCell.swift */,
				3B2D7BA62A20C12F00741002 /* MainHeaderView.swift */,
				3B2D7BA82A20D7D500741002 /* TopNewsView.swift */,
				3B2D7BAA2A20EBE700741002 /* NewsTile.swift */,
				3B2D7BAC2A24E50400741002 /* CategoryScroll.swift */,
				3B2D7BAE2A24F7E200741002 /* LanguageMenu.swift */,
				3B2D7BBA2A2530BE00741002 /* TopView.swift */,
			);
			path = UIElements;
			sourceTree = "<group>";
		};
		3B2D7B8E2A1F8E1300741002 /* Actions */ = {
			isa = PBXGroup;
			children = (
				3B2D7B992A1FAA4300741002 /* MainViewController+actions.swift */,
				3B2D7B9B2A1FAA7C00741002 /* MainViewController+tableActions.swift */,
			);
			path = Actions;
			sourceTree = "<group>";
		};
		3B2D7B912A1F9AB700741002 /* Models */ = {
			isa = PBXGroup;
			children = (
				3B2D7BC82A262C1300741002 /* MyFeedItem */,
				3B2D7B922A1F9AC700741002 /* News.swift */,
				3B2D7B942A1F9ED800741002 /* NewsError.swift */,
			);
			path = Models;
			sourceTree = "<group>";
		};
		3B2D7B962A1F9F0100741002 /* API */ = {
			isa = PBXGroup;
			children = (
				3B2D7B9D2A1FACD700741002 /* HTTP.swift */,
				3B2D7B9F2A1FAE3400741002 /* Endpoint.swift */,
				3B2D7BA12A1FB5C700741002 /* NewsService.swift */,
			);
			path = API;
			sourceTree = "<group>";
		};
		3B2D7BB02A250C8300741002 /* DetailedView */ = {
			isa = PBXGroup;
			children = (
				3B2D7BB52A25111400741002 /* Actions */,
				3B2D7BB12A250CAD00741002 /* DetailedViewController.swift */,
			);
			path = DetailedView;
			sourceTree = "<group>";
		};
		3B2D7BB52A25111400741002 /* Actions */ = {
			isa = PBXGroup;
			children = (
				3B2D7BB62A25113600741002 /* DetailedViewController+Actions.swift */,
			);
			path = Actions;
			sourceTree = "<group>";
		};
		3B2D7BBF2A262B8900741002 /* MyFeedView */ = {
			isa = PBXGroup;
			children = (
				3B2D7BD02A2635E700741002 /* UIElements */,
				3B2D7BCB2A26338000741002 /* Actions */,
				3B2D7BC02A262BA400741002 /* FeedViewController.swift */,
				3B2D7BC22A262BB800741002 /* FeedViewModel.swift */,
			);
			path = MyFeedView;
			sourceTree = "<group>";
		};
		3B2D7BC82A262C1300741002 /* MyFeedItem */ = {
			isa = PBXGroup;
			children = (
				3B2D7BC42A262BF600741002 /* MyFeedNews+CoreDataClass.swift */,
				3B2D7BC52A262BF600741002 /* MyFeedNews+CoreDataProperties.swift */,
				3B2D7BC92A262C9900741002 /* FeedManager.swift */,
			);
			path = MyFeedItem;
			sourceTree = "<group>";
		};
		3B2D7BCB2A26338000741002 /* Actions */ = {
			isa = PBXGroup;
			children = (
				3B2D7BCC2A2633A000741002 /* FeedViewController+Tablefunctions.swift */,
				3B2D7BCE2A26356200741002 /* FeedViewController+actions.swift */,
			);
			path = Actions;
			sourceTree = "<group>";
		};
		3B2D7BD02A2635E700741002 /* UIElements */ = {
			isa = PBXGroup;
			children = (
				3B2D7BD12A2635FF00741002 /* FeedHeaderView.swift */,
			);
			path = UIElements;
			sourceTree = "<group>";
		};
/* End PBXGroup section */

/* Begin PBXNativeTarget section */
		3B2D7B6A2A1F8C8C00741002 /* NewsApp */ = {
			isa = PBXNativeTarget;
			buildConfigurationList = 3B2D7B822A1F8C8D00741002 /* Build configuration list for PBXNativeTarget "NewsApp" */;
			buildPhases = (
				3B2D7B672A1F8C8C00741002 /* Sources */,
				3B2D7B682A1F8C8C00741002 /* Frameworks */,
				3B2D7B692A1F8C8C00741002 /* Resources */,
			);
			buildRules = (
			);
			dependencies = (
			);
			name = NewsApp;
			packageProductDependencies = (
				3B2D7BA42A20BE2200741002 /* SDWebImage */,
				3B2D7BBD2A25EC2F00741002 /* Alamofire */,
			);
			productName = NewsApp;
			productReference = 3B2D7B6B2A1F8C8C00741002 /* NewsApp.app */;
			productType = "com.apple.product-type.application";
		};
/* End PBXNativeTarget section */

/* Begin PBXProject section */
		3B2D7B632A1F8C8C00741002 /* Project object */ = {
			isa = PBXProject;
			attributes = {
				BuildIndependentTargetsInParallel = 1;
				LastSwiftUpdateCheck = 1430;
				LastUpgradeCheck = 1430;
				TargetAttributes = {
					3B2D7B6A2A1F8C8C00741002 = {
						CreatedOnToolsVersion = 14.3;
					};
				};
			};
			buildConfigurationList = 3B2D7B662A1F8C8C00741002 /* Build configuration list for PBXProject "NewsApp" */;
			compatibilityVersion = "Xcode 14.0";
			developmentRegion = en;
			hasScannedForEncodings = 0;
			knownRegions = (
				en,
				Base,
			);
			mainGroup = 3B2D7B622A1F8C8C00741002;
			packageReferences = (
				3B2D7BA32A20BE2200741002 /* XCRemoteSwiftPackageReference "SDWebImage" */,
				3B2D7BBC2A25EC2F00741002 /* XCRemoteSwiftPackageReference "Alamofire" */,
			);
			productRefGroup = 3B2D7B6C2A1F8C8C00741002 /* Products */;
			projectDirPath = "";
			projectRoot = "";
			targets = (
				3B2D7B6A2A1F8C8C00741002 /* NewsApp */,
			);
		};
/* End PBXProject section */

/* Begin PBXResourcesBuildPhase section */
		3B2D7B692A1F8C8C00741002 /* Resources */ = {
			isa = PBXResourcesBuildPhase;
			buildActionMask = 2147483647;
			files = (
				3B2D7B7E2A1F8C8D00741002 /* LaunchScreen.storyboard in Resources */,
				3B2D7B7B2A1F8C8D00741002 /* Assets.xcassets in Resources */,
			);
			runOnlyForDeploymentPostprocessing = 0;
		};
/* End PBXResourcesBuildPhase section */

/* Begin PBXSourcesBuildPhase section */
		3B2D7B672A1F8C8C00741002 /* Sources */ = {
			isa = PBXSourcesBuildPhase;
			buildActionMask = 2147483647;
			files = (
				3B2D7BC32A262BB800741002 /* FeedViewModel.swift in Sources */,
				3B2D7B9A2A1FAA4300741002 /* MainViewController+actions.swift in Sources */,
				3B2D7BC62A262BF600741002 /* MyFeedNews+CoreDataClass.swift in Sources */,
				3B2D7B8D2A1F8E0E00741002 /* MainViewModel.swift in Sources */,
				3B2D7BB22A250CAD00741002 /* DetailedViewController.swift in Sources */,
				3B2D7B982A1FA92B00741002 /* NewsCell.swift in Sources */,
				3B2D7BAB2A20EBE700741002 /* NewsTile.swift in Sources */,
				3B2D7BB92A251A2F00741002 /* DataDelegateProtocol.swift in Sources */,
				3B2D7BB72A25113600741002 /* DetailedViewController+Actions.swift in Sources */,
				3B2D7BBB2A2530BE00741002 /* TopView.swift in Sources */,
				3B2D7BA02A1FAE3400741002 /* Endpoint.swift in Sources */,
				3B2D7B952A1F9ED800741002 /* NewsError.swift in Sources */,
				3B2D7B732A1F8C8C00741002 /* MainViewController.swift in Sources */,
				3B2D7B6F2A1F8C8C00741002 /* AppDelegate.swift in Sources */,
				3B2D7BAF2A24F7E200741002 /* LanguageMenu.swift in Sources */,
				3B2D7BAD2A24E50400741002 /* CategoryScroll.swift in Sources */,
				3B2D7B792A1F8C8C00741002 /* NewsApp.xcdatamodeld in Sources */,
				3B2D7B932A1F9AC700741002 /* News.swift in Sources */,
				3B2D7BC72A262BF600741002 /* MyFeedNews+CoreDataProperties.swift in Sources */,
				3B2D7B712A1F8C8C00741002 /* SceneDelegate.swift in Sources */,
				3B2D7BA72A20C12F00741002 /* MainHeaderView.swift in Sources */,
				3B2D7BA22A1FB5C700741002 /* NewsService.swift in Sources */,
				3B2D7BCD2A2633A000741002 /* FeedViewController+Tablefunctions.swift in Sources */,
				3B2D7BA92A20D7D500741002 /* TopNewsView.swift in Sources */,
				3B2D7B9E2A1FACD700741002 /* HTTP.swift in Sources */,
				3B2D7B9C2A1FAA7C00741002 /* MainViewController+tableActions.swift in Sources */,
				3B2D7BC12A262BA400741002 /* FeedViewController.swift in Sources */,
				3B2D7BD22A2635FF00741002 /* FeedHeaderView.swift in Sources */,
				3B2D7B902A1F8ED000741002 /* Constants.swift in Sources */,
				3B2D7BCF2A26356200741002 /* FeedViewController+actions.swift in Sources */,
				3B2D7BCA2A262C9900741002 /* FeedManager.swift in Sources */,
			);
			runOnlyForDeploymentPostprocessing = 0;
		};
/* End PBXSourcesBuildPhase section */

/* Begin PBXVariantGroup section */
		3B2D7B7C2A1F8C8D00741002 /* LaunchScreen.storyboard */ = {
			isa = PBXVariantGroup;
			children = (
				3B2D7B7D2A1F8C8D00741002 /* Base */,
			);
			name = LaunchScreen.storyboard;
			sourceTree = "<group>";
		};
/* End PBXVariantGroup section */

/* Begin XCBuildConfiguration section */
		3B2D7B802A1F8C8D00741002 /* Debug */ = {
			isa = XCBuildConfiguration;
			buildSettings = {
				ALWAYS_SEARCH_USER_PATHS = NO;
				CLANG_ANALYZER_NONNULL = YES;
				CLANG_ANALYZER_NUMBER_OBJECT_CONVERSION = YES_AGGRESSIVE;
				CLANG_CXX_LANGUAGE_STANDARD = "gnu++20";
				CLANG_ENABLE_MODULES = YES;
				CLANG_ENABLE_OBJC_ARC = YES;
				CLANG_ENABLE_OBJC_WEAK = YES;
				CLANG_WARN_BLOCK_CAPTURE_AUTORELEASING = YES;
				CLANG_WARN_BOOL_CONVERSION = YES;
				CLANG_WARN_COMMA = YES;
				CLANG_WARN_CONSTANT_CONVERSION = YES;
				CLANG_WARN_DEPRECATED_OBJC_IMPLEMENTATIONS = YES;
				CLANG_WARN_DIRECT_OBJC_ISA_USAGE = YES_ERROR;
				CLANG_WARN_DOCUMENTATION_COMMENTS = YES;
				CLANG_WARN_EMPTY_BODY = YES;
				CLANG_WARN_ENUM_CONVERSION = YES;
				CLANG_WARN_INFINITE_RECURSION = YES;
				CLANG_WARN_INT_CONVERSION = YES;
				CLANG_WARN_NON_LITERAL_NULL_CONVERSION = YES;
				CLANG_WARN_OBJC_IMPLICIT_RETAIN_SELF = YES;
				CLANG_WARN_OBJC_LITERAL_CONVERSION = YES;
				CLANG_WARN_OBJC_ROOT_CLASS = YES_ERROR;
				CLANG_WARN_QUOTED_INCLUDE_IN_FRAMEWORK_HEADER = YES;
				CLANG_WARN_RANGE_LOOP_ANALYSIS = YES;
				CLANG_WARN_STRICT_PROTOTYPES = YES;
				CLANG_WARN_SUSPICIOUS_MOVE = YES;
				CLANG_WARN_UNGUARDED_AVAILABILITY = YES_AGGRESSIVE;
				CLANG_WARN_UNREACHABLE_CODE = YES;
				CLANG_WARN__DUPLICATE_METHOD_MATCH = YES;
				COPY_PHASE_STRIP = NO;
				DEBUG_INFORMATION_FORMAT = dwarf;
				ENABLE_STRICT_OBJC_MSGSEND = YES;
				ENABLE_TESTABILITY = YES;
				GCC_C_LANGUAGE_STANDARD = gnu11;
				GCC_DYNAMIC_NO_PIC = NO;
				GCC_NO_COMMON_BLOCKS = YES;
				GCC_OPTIMIZATION_LEVEL = 0;
				GCC_PREPROCESSOR_DEFINITIONS = (
					"DEBUG=1",
					"$(inherited)",
				);
				GCC_WARN_64_TO_32_BIT_CONVERSION = YES;
				GCC_WARN_ABOUT_RETURN_TYPE = YES_ERROR;
				GCC_WARN_UNDECLARED_SELECTOR = YES;
				GCC_WARN_UNINITIALIZED_AUTOS = YES_AGGRESSIVE;
				GCC_WARN_UNUSED_FUNCTION = YES;
				GCC_WARN_UNUSED_VARIABLE = YES;
				IPHONEOS_DEPLOYMENT_TARGET = 16.4;
				MTL_ENABLE_DEBUG_INFO = INCLUDE_SOURCE;
				MTL_FAST_MATH = YES;
				ONLY_ACTIVE_ARCH = YES;
				SDKROOT = iphoneos;
				SWIFT_ACTIVE_COMPILATION_CONDITIONS = DEBUG;
				SWIFT_OPTIMIZATION_LEVEL = "-Onone";
			};
			name = Debug;
		};
		3B2D7B812A1F8C8D00741002 /* Release */ = {
			isa = XCBuildConfiguration;
			buildSettings = {
				ALWAYS_SEARCH_USER_PATHS = NO;
				CLANG_ANALYZER_NONNULL = YES;
				CLANG_ANALYZER_NUMBER_OBJECT_CONVERSION = YES_AGGRESSIVE;
				CLANG_CXX_LANGUAGE_STANDARD = "gnu++20";
				CLANG_ENABLE_MODULES = YES;
				CLANG_ENABLE_OBJC_ARC = YES;
				CLANG_ENABLE_OBJC_WEAK = YES;
				CLANG_WARN_BLOCK_CAPTURE_AUTORELEASING = YES;
				CLANG_WARN_BOOL_CONVERSION = YES;
				CLANG_WARN_COMMA = YES;
				CLANG_WARN_CONSTANT_CONVERSION = YES;
				CLANG_WARN_DEPRECATED_OBJC_IMPLEMENTATIONS = YES;
				CLANG_WARN_DIRECT_OBJC_ISA_USAGE = YES_ERROR;
				CLANG_WARN_DOCUMENTATION_COMMENTS = YES;
				CLANG_WARN_EMPTY_BODY = YES;
				CLANG_WARN_ENUM_CONVERSION = YES;
				CLANG_WARN_INFINITE_RECURSION = YES;
				CLANG_WARN_INT_CONVERSION = YES;
				CLANG_WARN_NON_LITERAL_NULL_CONVERSION = YES;
				CLANG_WARN_OBJC_IMPLICIT_RETAIN_SELF = YES;
				CLANG_WARN_OBJC_LITERAL_CONVERSION = YES;
				CLANG_WARN_OBJC_ROOT_CLASS = YES_ERROR;
				CLANG_WARN_QUOTED_INCLUDE_IN_FRAMEWORK_HEADER = YES;
				CLANG_WARN_RANGE_LOOP_ANALYSIS = YES;
				CLANG_WARN_STRICT_PROTOTYPES = YES;
				CLANG_WARN_SUSPICIOUS_MOVE = YES;
				CLANG_WARN_UNGUARDED_AVAILABILITY = YES_AGGRESSIVE;
				CLANG_WARN_UNREACHABLE_CODE = YES;
				CLANG_WARN__DUPLICATE_METHOD_MATCH = YES;
				COPY_PHASE_STRIP = NO;
				DEBUG_INFORMATION_FORMAT = "dwarf-with-dsym";
				ENABLE_NS_ASSERTIONS = NO;
				ENABLE_STRICT_OBJC_MSGSEND = YES;
				GCC_C_LANGUAGE_STANDARD = gnu11;
				GCC_NO_COMMON_BLOCKS = YES;
				GCC_WARN_64_TO_32_BIT_CONVERSION = YES;
				GCC_WARN_ABOUT_RETURN_TYPE = YES_ERROR;
				GCC_WARN_UNDECLARED_SELECTOR = YES;
				GCC_WARN_UNINITIALIZED_AUTOS = YES_AGGRESSIVE;
				GCC_WARN_UNUSED_FUNCTION = YES;
				GCC_WARN_UNUSED_VARIABLE = YES;
				IPHONEOS_DEPLOYMENT_TARGET = 16.4;
				MTL_ENABLE_DEBUG_INFO = NO;
				MTL_FAST_MATH = YES;
				SDKROOT = iphoneos;
				SWIFT_COMPILATION_MODE = wholemodule;
				SWIFT_OPTIMIZATION_LEVEL = "-O";
				VALIDATE_PRODUCT = YES;
			};
			name = Release;
		};
		3B2D7B832A1F8C8D00741002 /* Debug */ = {
			isa = XCBuildConfiguration;
			buildSettings = {
				ASSETCATALOG_COMPILER_APPICON_NAME = AppIcon;
				ASSETCATALOG_COMPILER_GLOBAL_ACCENT_COLOR_NAME = AccentColor;
				CODE_SIGN_STYLE = Automatic;
				CURRENT_PROJECT_VERSION = 1;
				GENERATE_INFOPLIST_FILE = YES;
				INFOPLIST_FILE = NewsApp/Info.plist;
				INFOPLIST_KEY_UIApplicationSupportsIndirectInputEvents = YES;
				INFOPLIST_KEY_UILaunchStoryboardName = LaunchScreen;
				INFOPLIST_KEY_UISupportedInterfaceOrientations_iPad = "UIInterfaceOrientationPortrait UIInterfaceOrientationPortraitUpsideDown UIInterfaceOrientationLandscapeLeft UIInterfaceOrientationLandscapeRight";
				INFOPLIST_KEY_UISupportedInterfaceOrientations_iPhone = "UIInterfaceOrientationPortrait UIInterfaceOrientationLandscapeLeft UIInterfaceOrientationLandscapeRight";
				LD_RUNPATH_SEARCH_PATHS = (
					"$(inherited)",
					"@executable_path/Frameworks",
				);
				MARKETING_VERSION = 1.0;
				PRODUCT_BUNDLE_IDENTIFIER = tech.palapa.NewsApp;
				PRODUCT_NAME = "$(TARGET_NAME)";
				SWIFT_EMIT_LOC_STRINGS = YES;
				SWIFT_VERSION = 5.0;
				TARGETED_DEVICE_FAMILY = "1,2";
			};
			name = Debug;
		};
		3B2D7B842A1F8C8D00741002 /* Release */ = {
			isa = XCBuildConfiguration;
			buildSettings = {
				ASSETCATALOG_COMPILER_APPICON_NAME = AppIcon;
				ASSETCATALOG_COMPILER_GLOBAL_ACCENT_COLOR_NAME = AccentColor;
				CODE_SIGN_STYLE = Automatic;
				CURRENT_PROJECT_VERSION = 1;
				GENERATE_INFOPLIST_FILE = YES;
				INFOPLIST_FILE = NewsApp/Info.plist;
				INFOPLIST_KEY_UIApplicationSupportsIndirectInputEvents = YES;
				INFOPLIST_KEY_UILaunchStoryboardName = LaunchScreen;
				INFOPLIST_KEY_UISupportedInterfaceOrientations_iPad = "UIInterfaceOrientationPortrait UIInterfaceOrientationPortraitUpsideDown UIInterfaceOrientationLandscapeLeft UIInterfaceOrientationLandscapeRight";
				INFOPLIST_KEY_UISupportedInterfaceOrientations_iPhone = "UIInterfaceOrientationPortrait UIInterfaceOrientationLandscapeLeft UIInterfaceOrientationLandscapeRight";
				LD_RUNPATH_SEARCH_PATHS = (
					"$(inherited)",
					"@executable_path/Frameworks",
				);
				MARKETING_VERSION = 1.0;
				PRODUCT_BUNDLE_IDENTIFIER = tech.palapa.NewsApp;
				PRODUCT_NAME = "$(TARGET_NAME)";
				SWIFT_EMIT_LOC_STRINGS = YES;
				SWIFT_VERSION = 5.0;
				TARGETED_DEVICE_FAMILY = "1,2";
			};
			name = Release;
		};
/* End XCBuildConfiguration section */

/* Begin XCConfigurationList section */
		3B2D7B662A1F8C8C00741002 /* Build configuration list for PBXProject "NewsApp" */ = {
			isa = XCConfigurationList;
			buildConfigurations = (
				3B2D7B802A1F8C8D00741002 /* Debug */,
				3B2D7B812A1F8C8D00741002 /* Release */,
			);
			defaultConfigurationIsVisible = 0;
			defaultConfigurationName = Release;
		};
		3B2D7B822A1F8C8D00741002 /* Build configuration list for PBXNativeTarget "NewsApp" */ = {
			isa = XCConfigurationList;
			buildConfigurations = (
				3B2D7B832A1F8C8D00741002 /* Debug */,
				3B2D7B842A1F8C8D00741002 /* Release */,
			);
			defaultConfigurationIsVisible = 0;
			defaultConfigurationName = Release;
		};
/* End XCConfigurationList section */

/* Begin XCRemoteSwiftPackageReference section */
		3B2D7BA32A20BE2200741002 /* XCRemoteSwiftPackageReference "SDWebImage" */ = {
			isa = XCRemoteSwiftPackageReference;
			repositoryURL = "https://github.com/SDWebImage/SDWebImage";
			requirement = {
				kind = upToNextMajorVersion;
				minimumVersion = 5.0.0;
			};
		};
		3B2D7BBC2A25EC2F00741002 /* XCRemoteSwiftPackageReference "Alamofire" */ = {
			isa = XCRemoteSwiftPackageReference;
			repositoryURL = "https://github.com/Alamofire/Alamofire";
			requirement = {
				kind = upToNextMajorVersion;
				minimumVersion = 5.0.0;
			};
		};
/* End XCRemoteSwiftPackageReference section */

/* Begin XCSwiftPackageProductDependency section */
		3B2D7BA42A20BE2200741002 /* SDWebImage */ = {
			isa = XCSwiftPackageProductDependency;
			package = 3B2D7BA32A20BE2200741002 /* XCRemoteSwiftPackageReference "SDWebImage" */;
			productName = SDWebImage;
		};
		3B2D7BBD2A25EC2F00741002 /* Alamofire */ = {
			isa = XCSwiftPackageProductDependency;
			package = 3B2D7BBC2A25EC2F00741002 /* XCRemoteSwiftPackageReference "Alamofire" */;
			productName = Alamofire;
		};
/* End XCSwiftPackageProductDependency section */

/* Begin XCVersionGroup section */
		3B2D7B772A1F8C8C00741002 /* NewsApp.xcdatamodeld */ = {
			isa = XCVersionGroup;
			children = (
				3B2D7B782A1F8C8C00741002 /* NewsApp.xcdatamodel */,
			);
			currentVersion = 3B2D7B782A1F8C8C00741002 /* NewsApp.xcdatamodel */;
			path = NewsApp.xcdatamodeld;
			sourceTree = "<group>";
			versionGroupType = wrapper.xcdatamodel;
		};
/* End XCVersionGroup section */
	};
	rootObject = 3B2D7B632A1F8C8C00741002 /* Project object */;
}
